// !$*UTF8*$!
{
	archiveVersion = 1;
	classes = {
	};
	objectVersion = 55;
	objects = {

/* Begin PBXBuildFile section */
		220C0ED52843EACE0011FF29 /* ListViewController.swift in Sources */ = {isa = PBXBuildFile; fileRef = 220C0ED42843EACE0011FF29 /* ListViewController.swift */; };
		220C0ED72843EB170011FF29 /* MapViewController.swift in Sources */ = {isa = PBXBuildFile; fileRef = 220C0ED62843EB170011FF29 /* MapViewController.swift */; };
		22159AE62848D34E00697D91 /* GetUserVC.swift in Sources */ = {isa = PBXBuildFile; fileRef = 22159AE52848D34E00697D91 /* GetUserVC.swift */; };
		221FD762284A193F00501CB3 /* UdacityError.swift in Sources */ = {isa = PBXBuildFile; fileRef = 221FD761284A193F00501CB3 /* UdacityError.swift */; };
		221FD764284A2F0600501CB3 /* PostStudentError.swift in Sources */ = {isa = PBXBuildFile; fileRef = 221FD763284A2F0600501CB3 /* PostStudentError.swift */; };
		2231F5692848B10B00D749F5 /* AddMapLocationVC.swift in Sources */ = {isa = PBXBuildFile; fileRef = 2231F5682848B10B00D749F5 /* AddMapLocationVC.swift */; };
		223791AA284AD59D00748729 /* UdacityDeleteResponse.swift in Sources */ = {isa = PBXBuildFile; fileRef = 223791A9284AD59D00748729 /* UdacityDeleteResponse.swift */; };
		223791AC284ADCC300748729 /* UIViewControllerExtension.swift in Sources */ = {isa = PBXBuildFile; fileRef = 223791AB284ADCC300748729 /* UIViewControllerExtension.swift */; };
		224C009A2846C11A001CB3D8 /* ParseClient.swift in Sources */ = {isa = PBXBuildFile; fileRef = 224C00992846C11A001CB3D8 /* ParseClient.swift */; };
		226536252844263E004F49FC /* StudentLocationResponse.swift in Sources */ = {isa = PBXBuildFile; fileRef = 226536242844263E004F49FC /* StudentLocationResponse.swift */; };
		22653627284426CC004F49FC /* Student.swift in Sources */ = {isa = PBXBuildFile; fileRef = 22653626284426CC004F49FC /* Student.swift */; };
		2265362928442882004F49FC /* StudentModel.swift in Sources */ = {isa = PBXBuildFile; fileRef = 2265362828442882004F49FC /* StudentModel.swift */; };
		2265362B28442914004F49FC /* UdacityClient.swift in Sources */ = {isa = PBXBuildFile; fileRef = 2265362A28442914004F49FC /* UdacityClient.swift */; };
		2272A4592845807500647073 /* GetUserData.swift in Sources */ = {isa = PBXBuildFile; fileRef = 2272A4582845807500647073 /* GetUserData.swift */; };
		228B5DA62844BA56000AFFDB /* LoginRequest.swift in Sources */ = {isa = PBXBuildFile; fileRef = 228B5DA52844BA56000AFFDB /* LoginRequest.swift */; };
		228B5DA82844BD4E000AFFDB /* Account.swift in Sources */ = {isa = PBXBuildFile; fileRef = 228B5DA72844BD4E000AFFDB /* Account.swift */; };
		228B5DAA2844BD5C000AFFDB /* Session.swift in Sources */ = {isa = PBXBuildFile; fileRef = 228B5DA92844BD5C000AFFDB /* Session.swift */; };
		228B5DAC2844BD6F000AFFDB /* UdacityResponse.swift in Sources */ = {isa = PBXBuildFile; fileRef = 228B5DAB2844BD6F000AFFDB /* UdacityResponse.swift */; };
		228B5DAE2844D158000AFFDB /* UdacitySession.swift in Sources */ = {isa = PBXBuildFile; fileRef = 228B5DAD2844D158000AFFDB /* UdacitySession.swift */; };
		2298CCAD28438E300089E6AA /* AppDelegate.swift in Sources */ = {isa = PBXBuildFile; fileRef = 2298CCAC28438E300089E6AA /* AppDelegate.swift */; };
		2298CCAF28438E300089E6AA /* SceneDelegate.swift in Sources */ = {isa = PBXBuildFile; fileRef = 2298CCAE28438E300089E6AA /* SceneDelegate.swift */; };
		2298CCB128438E300089E6AA /* LoginViewController.swift in Sources */ = {isa = PBXBuildFile; fileRef = 2298CCB028438E300089E6AA /* LoginViewController.swift */; };
		2298CCB428438E300089E6AA /* Main.storyboard in Resources */ = {isa = PBXBuildFile; fileRef = 2298CCB228438E300089E6AA /* Main.storyboard */; };
		2298CCB628438E340089E6AA /* Assets.xcassets in Resources */ = {isa = PBXBuildFile; fileRef = 2298CCB528438E340089E6AA /* Assets.xcassets */; };
		2298CCB928438E340089E6AA /* LaunchScreen.storyboard in Resources */ = {isa = PBXBuildFile; fileRef = 2298CCB728438E340089E6AA /* LaunchScreen.storyboard */; };
		22FE88CC284777A500F48FAD /* LocationRequest.swift in Sources */ = {isa = PBXBuildFile; fileRef = 22FE88CB284777A500F48FAD /* LocationRequest.swift */; };
		22FE88CE28477AAB00F48FAD /* PostStudentResponse.swift in Sources */ = {isa = PBXBuildFile; fileRef = 22FE88CD28477AAB00F48FAD /* PostStudentResponse.swift */; };
		22FE88D02847810600F48FAD /* PutStudentResponse.swift in Sources */ = {isa = PBXBuildFile; fileRef = 22FE88CF2847810600F48FAD /* PutStudentResponse.swift */; };
/* End PBXBuildFile section */

/* Begin PBXFileReference section */
		220C0ED42843EACE0011FF29 /* ListViewController.swift */ = {isa = PBXFileReference; lastKnownFileType = sourcecode.swift; path = ListViewController.swift; sourceTree = "<group>"; };
		220C0ED62843EB170011FF29 /* MapViewController.swift */ = {isa = PBXFileReference; lastKnownFileType = sourcecode.swift; path = MapViewController.swift; sourceTree = "<group>"; };
		22159AE52848D34E00697D91 /* GetUserVC.swift */ = {isa = PBXFileReference; lastKnownFileType = sourcecode.swift; path = GetUserVC.swift; sourceTree = "<group>"; };
		221FD761284A193F00501CB3 /* UdacityError.swift */ = {isa = PBXFileReference; lastKnownFileType = sourcecode.swift; path = UdacityError.swift; sourceTree = "<group>"; };
		221FD763284A2F0600501CB3 /* PostStudentError.swift */ = {isa = PBXFileReference; lastKnownFileType = sourcecode.swift; path = PostStudentError.swift; sourceTree = "<group>"; };
		2231F5682848B10B00D749F5 /* AddMapLocationVC.swift */ = {isa = PBXFileReference; lastKnownFileType = sourcecode.swift; path = AddMapLocationVC.swift; sourceTree = "<group>"; };
		223791A9284AD59D00748729 /* UdacityDeleteResponse.swift */ = {isa = PBXFileReference; lastKnownFileType = sourcecode.swift; path = UdacityDeleteResponse.swift; sourceTree = "<group>"; };
		223791AB284ADCC300748729 /* UIViewControllerExtension.swift */ = {isa = PBXFileReference; lastKnownFileType = sourcecode.swift; path = UIViewControllerExtension.swift; sourceTree = "<group>"; };
		224C00992846C11A001CB3D8 /* ParseClient.swift */ = {isa = PBXFileReference; lastKnownFileType = sourcecode.swift; path = ParseClient.swift; sourceTree = "<group>"; };
		226536242844263E004F49FC /* StudentLocationResponse.swift */ = {isa = PBXFileReference; lastKnownFileType = sourcecode.swift; path = StudentLocationResponse.swift; sourceTree = "<group>"; };
		22653626284426CC004F49FC /* Student.swift */ = {isa = PBXFileReference; lastKnownFileType = sourcecode.swift; path = Student.swift; sourceTree = "<group>"; };
		2265362828442882004F49FC /* StudentModel.swift */ = {isa = PBXFileReference; lastKnownFileType = sourcecode.swift; path = StudentModel.swift; sourceTree = "<group>"; };
		2265362A28442914004F49FC /* UdacityClient.swift */ = {isa = PBXFileReference; lastKnownFileType = sourcecode.swift; path = UdacityClient.swift; sourceTree = "<group>"; };
		2272A4582845807500647073 /* GetUserData.swift */ = {isa = PBXFileReference; lastKnownFileType = sourcecode.swift; path = GetUserData.swift; sourceTree = "<group>"; };
		228B5DA52844BA56000AFFDB /* LoginRequest.swift */ = {isa = PBXFileReference; lastKnownFileType = sourcecode.swift; path = LoginRequest.swift; sourceTree = "<group>"; };
		228B5DA72844BD4E000AFFDB /* Account.swift */ = {isa = PBXFileReference; lastKnownFileType = sourcecode.swift; path = Account.swift; sourceTree = "<group>"; };
		228B5DA92844BD5C000AFFDB /* Session.swift */ = {isa = PBXFileReference; lastKnownFileType = sourcecode.swift; path = Session.swift; sourceTree = "<group>"; };
		228B5DAB2844BD6F000AFFDB /* UdacityResponse.swift */ = {isa = PBXFileReference; lastKnownFileType = sourcecode.swift; path = UdacityResponse.swift; sourceTree = "<group>"; };
		228B5DAD2844D158000AFFDB /* UdacitySession.swift */ = {isa = PBXFileReference; lastKnownFileType = sourcecode.swift; path = UdacitySession.swift; sourceTree = "<group>"; };
		2298CCA928438E300089E6AA /* OnTheMap.app */ = {isa = PBXFileReference; explicitFileType = wrapper.application; includeInIndex = 0; path = OnTheMap.app; sourceTree = BUILT_PRODUCTS_DIR; };
		2298CCAC28438E300089E6AA /* AppDelegate.swift */ = {isa = PBXFileReference; lastKnownFileType = sourcecode.swift; path = AppDelegate.swift; sourceTree = "<group>"; };
		2298CCAE28438E300089E6AA /* SceneDelegate.swift */ = {isa = PBXFileReference; lastKnownFileType = sourcecode.swift; path = SceneDelegate.swift; sourceTree = "<group>"; };
		2298CCB028438E300089E6AA /* LoginViewController.swift */ = {isa = PBXFileReference; lastKnownFileType = sourcecode.swift; path = LoginViewController.swift; sourceTree = "<group>"; };
		2298CCB328438E300089E6AA /* Base */ = {isa = PBXFileReference; lastKnownFileType = file.storyboard; name = Base; path = Base.lproj/Main.storyboard; sourceTree = "<group>"; };
		2298CCB528438E340089E6AA /* Assets.xcassets */ = {isa = PBXFileReference; lastKnownFileType = folder.assetcatalog; path = Assets.xcassets; sourceTree = "<group>"; };
		2298CCB828438E340089E6AA /* Base */ = {isa = PBXFileReference; lastKnownFileType = file.storyboard; name = Base; path = Base.lproj/LaunchScreen.storyboard; sourceTree = "<group>"; };
		2298CCBA28438E340089E6AA /* Info.plist */ = {isa = PBXFileReference; lastKnownFileType = text.plist.xml; path = Info.plist; sourceTree = "<group>"; };
		22FE88CB284777A500F48FAD /* LocationRequest.swift */ = {isa = PBXFileReference; lastKnownFileType = sourcecode.swift; path = LocationRequest.swift; sourceTree = "<group>"; };
		22FE88CD28477AAB00F48FAD /* PostStudentResponse.swift */ = {isa = PBXFileReference; lastKnownFileType = sourcecode.swift; path = PostStudentResponse.swift; sourceTree = "<group>"; };
		22FE88CF2847810600F48FAD /* PutStudentResponse.swift */ = {isa = PBXFileReference; lastKnownFileType = sourcecode.swift; path = PutStudentResponse.swift; sourceTree = "<group>"; };
/* End PBXFileReference section */

/* Begin PBXFrameworksBuildPhase section */
		2298CCA628438E300089E6AA /* Frameworks */ = {
			isa = PBXFrameworksBuildPhase;
			buildActionMask = 2147483647;
			files = (
			);
			runOnlyForDeploymentPostprocessing = 0;
		};
/* End PBXFrameworksBuildPhase section */

/* Begin PBXGroup section */
		220C0ECA2843E7ED0011FF29 /* View */ = {
			isa = PBXGroup;
			children = (
			);
			path = View;
			sourceTree = "<group>";
		};
		220C0ECD2843E84B0011FF29 /* Controller */ = {
			isa = PBXGroup;
			children = (
				2298CCB028438E300089E6AA /* LoginViewController.swift */,
				220C0ED42843EACE0011FF29 /* ListViewController.swift */,
				220C0ED62843EB170011FF29 /* MapViewController.swift */,
				2231F5682848B10B00D749F5 /* AddMapLocationVC.swift */,
				22159AE52848D34E00697D91 /* GetUserVC.swift */,
				223791AB284ADCC300748729 /* UIViewControllerExtension.swift */,
			);
			path = Controller;
			sourceTree = "<group>";
		};
		220C0ECE2843E8630011FF29 /* Model */ = {
			isa = PBXGroup;
			children = (
				220C0ED32843EA090011FF29 /* Data */,
				220C0ED02843E9A60011FF29 /* UdacityParseAPI */,
				220C0ED12843E9CC0011FF29 /* Network Request */,
				220C0ED22843E9E90011FF29 /* Network Response */,
			);
			path = Model;
			sourceTree = "<group>";
		};
		220C0ECF2843E8B70011FF29 /* Assets */ = {
			isa = PBXGroup;
			children = (
				2298CCB228438E300089E6AA /* Main.storyboard */,
				2298CCB528438E340089E6AA /* Assets.xcassets */,
				2298CCB728438E340089E6AA /* LaunchScreen.storyboard */,
			);
			path = Assets;
			sourceTree = "<group>";
		};
		220C0ED02843E9A60011FF29 /* UdacityParseAPI */ = {
			isa = PBXGroup;
			children = (
				2265362A28442914004F49FC /* UdacityClient.swift */,
				224C00992846C11A001CB3D8 /* ParseClient.swift */,
			);
			path = UdacityParseAPI;
			sourceTree = "<group>";
		};
		220C0ED12843E9CC0011FF29 /* Network Request */ = {
			isa = PBXGroup;
			children = (
				228B5DA52844BA56000AFFDB /* LoginRequest.swift */,
				228B5DAD2844D158000AFFDB /* UdacitySession.swift */,
				22FE88CB284777A500F48FAD /* LocationRequest.swift */,
			);
			path = "Network Request";
			sourceTree = "<group>";
		};
		220C0ED22843E9E90011FF29 /* Network Response */ = {
			isa = PBXGroup;
			children = (
				22653626284426CC004F49FC /* Student.swift */,
				226536242844263E004F49FC /* StudentLocationResponse.swift */,
				228B5DA72844BD4E000AFFDB /* Account.swift */,
				228B5DA92844BD5C000AFFDB /* Session.swift */,
				228B5DAB2844BD6F000AFFDB /* UdacityResponse.swift */,
				2272A4582845807500647073 /* GetUserData.swift */,
				22FE88CD28477AAB00F48FAD /* PostStudentResponse.swift */,
				22FE88CF2847810600F48FAD /* PutStudentResponse.swift */,
				221FD761284A193F00501CB3 /* UdacityError.swift */,
				221FD763284A2F0600501CB3 /* PostStudentError.swift */,
				223791A9284AD59D00748729 /* UdacityDeleteResponse.swift */,
			);
			path = "Network Response";
			sourceTree = "<group>";
		};
		220C0ED32843EA090011FF29 /* Data */ = {
			isa = PBXGroup;
			children = (
				2265362828442882004F49FC /* StudentModel.swift */,
			);
			path = Data;
			sourceTree = "<group>";
		};
		2298CCA028438E300089E6AA = {
			isa = PBXGroup;
			children = (
				2298CCAB28438E300089E6AA /* OnTheMap */,
				2298CCAA28438E300089E6AA /* Products */,
			);
			sourceTree = "<group>";
		};
		2298CCAA28438E300089E6AA /* Products */ = {
			isa = PBXGroup;
			children = (
				2298CCA928438E300089E6AA /* OnTheMap.app */,
			);
			name = Products;
			sourceTree = "<group>";
		};
		2298CCAB28438E300089E6AA /* OnTheMap */ = {
			isa = PBXGroup;
			children = (
				2298CCAE28438E300089E6AA /* SceneDelegate.swift */,
				2298CCAC28438E300089E6AA /* AppDelegate.swift */,
				220C0ECE2843E8630011FF29 /* Model */,
				220C0ECA2843E7ED0011FF29 /* View */,
				220C0ECD2843E84B0011FF29 /* Controller */,
				220C0ECF2843E8B70011FF29 /* Assets */,
				2298CCBA28438E340089E6AA /* Info.plist */,
			);
			path = OnTheMap;
			sourceTree = "<group>";
		};
/* End PBXGroup section */

/* Begin PBXNativeTarget section */
		2298CCA828438E300089E6AA /* OnTheMap */ = {
			isa = PBXNativeTarget;
			buildConfigurationList = 2298CCBD28438E340089E6AA /* Build configuration list for PBXNativeTarget "OnTheMap" */;
			buildPhases = (
				2298CCA528438E300089E6AA /* Sources */,
				2298CCA628438E300089E6AA /* Frameworks */,
				2298CCA728438E300089E6AA /* Resources */,
			);
			buildRules = (
			);
			dependencies = (
			);
			name = OnTheMap;
			productName = OnTheMap;
			productReference = 2298CCA928438E300089E6AA /* OnTheMap.app */;
			productType = "com.apple.product-type.application";
		};
/* End PBXNativeTarget section */

/* Begin PBXProject section */
		2298CCA128438E300089E6AA /* Project object */ = {
			isa = PBXProject;
			attributes = {
				BuildIndependentTargetsInParallel = 1;
				LastSwiftUpdateCheck = 1330;
				LastUpgradeCheck = 1330;
				TargetAttributes = {
					2298CCA828438E300089E6AA = {
						CreatedOnToolsVersion = 13.3;
					};
				};
			};
			buildConfigurationList = 2298CCA428438E300089E6AA /* Build configuration list for PBXProject "OnTheMap" */;
			compatibilityVersion = "Xcode 13.0";
			developmentRegion = en;
			hasScannedForEncodings = 0;
			knownRegions = (
				en,
				Base,
			);
			mainGroup = 2298CCA028438E300089E6AA;
			productRefGroup = 2298CCAA28438E300089E6AA /* Products */;
			projectDirPath = "";
			projectRoot = "";
			targets = (
				2298CCA828438E300089E6AA /* OnTheMap */,
			);
		};
/* End PBXProject section */

/* Begin PBXResourcesBuildPhase section */
		2298CCA728438E300089E6AA /* Resources */ = {
			isa = PBXResourcesBuildPhase;
			buildActionMask = 2147483647;
			files = (
				2298CCB928438E340089E6AA /* LaunchScreen.storyboard in Resources */,
				2298CCB628438E340089E6AA /* Assets.xcassets in Resources */,
				2298CCB428438E300089E6AA /* Main.storyboard in Resources */,
			);
			runOnlyForDeploymentPostprocessing = 0;
		};
/* End PBXResourcesBuildPhase section */

/* Begin PBXSourcesBuildPhase section */
		2298CCA528438E300089E6AA /* Sources */ = {
			isa = PBXSourcesBuildPhase;
			buildActionMask = 2147483647;
			files = (
				2231F5692848B10B00D749F5 /* AddMapLocationVC.swift in Sources */,
				22FE88CE28477AAB00F48FAD /* PostStudentResponse.swift in Sources */,
				223791AC284ADCC300748729 /* UIViewControllerExtension.swift in Sources */,
				22159AE62848D34E00697D91 /* GetUserVC.swift in Sources */,
				223791AA284AD59D00748729 /* UdacityDeleteResponse.swift in Sources */,
				224C009A2846C11A001CB3D8 /* ParseClient.swift in Sources */,
				2298CCB128438E300089E6AA /* LoginViewController.swift in Sources */,
				228B5DA82844BD4E000AFFDB /* Account.swift in Sources */,
				22FE88CC284777A500F48FAD /* LocationRequest.swift in Sources */,
				226536252844263E004F49FC /* StudentLocationResponse.swift in Sources */,
				22FE88D02847810600F48FAD /* PutStudentResponse.swift in Sources */,
				2298CCAD28438E300089E6AA /* AppDelegate.swift in Sources */,
				228B5DA62844BA56000AFFDB /* LoginRequest.swift in Sources */,
				220C0ED52843EACE0011FF29 /* ListViewController.swift in Sources */,
				221FD762284A193F00501CB3 /* UdacityError.swift in Sources */,
				2265362B28442914004F49FC /* UdacityClient.swift in Sources */,
				221FD764284A2F0600501CB3 /* PostStudentError.swift in Sources */,
				220C0ED72843EB170011FF29 /* MapViewController.swift in Sources */,
				228B5DAE2844D158000AFFDB /* UdacitySession.swift in Sources */,
				228B5DAA2844BD5C000AFFDB /* Session.swift in Sources */,
				2272A4592845807500647073 /* GetUserData.swift in Sources */,
				2265362928442882004F49FC /* StudentModel.swift in Sources */,
				22653627284426CC004F49FC /* Student.swift in Sources */,
				228B5DAC2844BD6F000AFFDB /* UdacityResponse.swift in Sources */,
				2298CCAF28438E300089E6AA /* SceneDelegate.swift in Sources */,
			);
			runOnlyForDeploymentPostprocessing = 0;
		};
/* End PBXSourcesBuildPhase section */

/* Begin PBXVariantGroup section */
		2298CCB228438E300089E6AA /* Main.storyboard */ = {
			isa = PBXVariantGroup;
			children = (
				2298CCB328438E300089E6AA /* Base */,
			);
			name = Main.storyboard;
			sourceTree = "<group>";
		};
		2298CCB728438E340089E6AA /* LaunchScreen.storyboard */ = {
			isa = PBXVariantGroup;
			children = (
				2298CCB828438E340089E6AA /* Base */,
			);
			name = LaunchScreen.storyboard;
			sourceTree = "<group>";
		};
/* End PBXVariantGroup section */

/* Begin XCBuildConfiguration section */
		2298CCBB28438E340089E6AA /* Debug */ = {
			isa = XCBuildConfiguration;
			buildSettings = {
				ALWAYS_SEARCH_USER_PATHS = NO;
				CLANG_ANALYZER_NONNULL = YES;
				CLANG_ANALYZER_NUMBER_OBJECT_CONVERSION = YES_AGGRESSIVE;
				CLANG_CXX_LANGUAGE_STANDARD = "gnu++17";
				CLANG_ENABLE_MODULES = YES;
				CLANG_ENABLE_OBJC_ARC = YES;
				CLANG_ENABLE_OBJC_WEAK = YES;
				CLANG_WARN_BLOCK_CAPTURE_AUTORELEASING = YES;
				CLANG_WARN_BOOL_CONVERSION = YES;
				CLANG_WARN_COMMA = YES;
				CLANG_WARN_CONSTANT_CONVERSION = YES;
				CLANG_WARN_DEPRECATED_OBJC_IMPLEMENTATIONS = YES;
				CLANG_WARN_DIRECT_OBJC_ISA_USAGE = YES_ERROR;
				CLANG_WARN_DOCUMENTATION_COMMENTS = YES;
				CLANG_WARN_EMPTY_BODY = YES;
				CLANG_WARN_ENUM_CONVERSION = YES;
				CLANG_WARN_INFINITE_RECURSION = YES;
				CLANG_WARN_INT_CONVERSION = YES;
				CLANG_WARN_NON_LITERAL_NULL_CONVERSION = YES;
				CLANG_WARN_OBJC_IMPLICIT_RETAIN_SELF = YES;
				CLANG_WARN_OBJC_LITERAL_CONVERSION = YES;
				CLANG_WARN_OBJC_ROOT_CLASS = YES_ERROR;
				CLANG_WARN_QUOTED_INCLUDE_IN_FRAMEWORK_HEADER = YES;
				CLANG_WARN_RANGE_LOOP_ANALYSIS = YES;
				CLANG_WARN_STRICT_PROTOTYPES = YES;
				CLANG_WARN_SUSPICIOUS_MOVE = YES;
				CLANG_WARN_UNGUARDED_AVAILABILITY = YES_AGGRESSIVE;
				CLANG_WARN_UNREACHABLE_CODE = YES;
				CLANG_WARN__DUPLICATE_METHOD_MATCH = YES;
				COPY_PHASE_STRIP = NO;
				DEBUG_INFORMATION_FORMAT = dwarf;
				ENABLE_STRICT_OBJC_MSGSEND = YES;
				ENABLE_TESTABILITY = YES;
				GCC_C_LANGUAGE_STANDARD = gnu11;
				GCC_DYNAMIC_NO_PIC = NO;
				GCC_NO_COMMON_BLOCKS = YES;
				GCC_OPTIMIZATION_LEVEL = 0;
				GCC_PREPROCESSOR_DEFINITIONS = (
					"DEBUG=1",
					"$(inherited)",
				);
				GCC_WARN_64_TO_32_BIT_CONVERSION = YES;
				GCC_WARN_ABOUT_RETURN_TYPE = YES_ERROR;
				GCC_WARN_UNDECLARED_SELECTOR = YES;
				GCC_WARN_UNINITIALIZED_AUTOS = YES_AGGRESSIVE;
				GCC_WARN_UNUSED_FUNCTION = YES;
				GCC_WARN_UNUSED_VARIABLE = YES;
				IPHONEOS_DEPLOYMENT_TARGET = 15.4;
				MTL_ENABLE_DEBUG_INFO = INCLUDE_SOURCE;
				MTL_FAST_MATH = YES;
				ONLY_ACTIVE_ARCH = YES;
				SDKROOT = iphoneos;
				SWIFT_ACTIVE_COMPILATION_CONDITIONS = DEBUG;
				SWIFT_OPTIMIZATION_LEVEL = "-Onone";
			};
			name = Debug;
		};
		2298CCBC28438E340089E6AA /* Release */ = {
			isa = XCBuildConfiguration;
			buildSettings = {
				ALWAYS_SEARCH_USER_PATHS = NO;
				CLANG_ANALYZER_NONNULL = YES;
				CLANG_ANALYZER_NUMBER_OBJECT_CONVERSION = YES_AGGRESSIVE;
				CLANG_CXX_LANGUAGE_STANDARD = "gnu++17";
				CLANG_ENABLE_MODULES = YES;
				CLANG_ENABLE_OBJC_ARC = YES;
				CLANG_ENABLE_OBJC_WEAK = YES;
				CLANG_WARN_BLOCK_CAPTURE_AUTORELEASING = YES;
				CLANG_WARN_BOOL_CONVERSION = YES;
				CLANG_WARN_COMMA = YES;
				CLANG_WARN_CONSTANT_CONVERSION = YES;
				CLANG_WARN_DEPRECATED_OBJC_IMPLEMENTATIONS = YES;
				CLANG_WARN_DIRECT_OBJC_ISA_USAGE = YES_ERROR;
				CLANG_WARN_DOCUMENTATION_COMMENTS = YES;
				CLANG_WARN_EMPTY_BODY = YES;
				CLANG_WARN_ENUM_CONVERSION = YES;
				CLANG_WARN_INFINITE_RECURSION = YES;
				CLANG_WARN_INT_CONVERSION = YES;
				CLANG_WARN_NON_LITERAL_NULL_CONVERSION = YES;
				CLANG_WARN_OBJC_IMPLICIT_RETAIN_SELF = YES;
				CLANG_WARN_OBJC_LITERAL_CONVERSION = YES;
				CLANG_WARN_OBJC_ROOT_CLASS = YES_ERROR;
				CLANG_WARN_QUOTED_INCLUDE_IN_FRAMEWORK_HEADER = YES;
				CLANG_WARN_RANGE_LOOP_ANALYSIS = YES;
				CLANG_WARN_STRICT_PROTOTYPES = YES;
				CLANG_WARN_SUSPICIOUS_MOVE = YES;
				CLANG_WARN_UNGUARDED_AVAILABILITY = YES_AGGRESSIVE;
				CLANG_WARN_UNREACHABLE_CODE = YES;
				CLANG_WARN__DUPLICATE_METHOD_MATCH = YES;
				COPY_PHASE_STRIP = NO;
				DEBUG_INFORMATION_FORMAT = "dwarf-with-dsym";
				ENABLE_NS_ASSERTIONS = NO;
				ENABLE_STRICT_OBJC_MSGSEND = YES;
				GCC_C_LANGUAGE_STANDARD = gnu11;
				GCC_NO_COMMON_BLOCKS = YES;
				GCC_WARN_64_TO_32_BIT_CONVERSION = YES;
				GCC_WARN_ABOUT_RETURN_TYPE = YES_ERROR;
				GCC_WARN_UNDECLARED_SELECTOR = YES;
				GCC_WARN_UNINITIALIZED_AUTOS = YES_AGGRESSIVE;
				GCC_WARN_UNUSED_FUNCTION = YES;
				GCC_WARN_UNUSED_VARIABLE = YES;
				IPHONEOS_DEPLOYMENT_TARGET = 15.4;
				MTL_ENABLE_DEBUG_INFO = NO;
				MTL_FAST_MATH = YES;
				SDKROOT = iphoneos;
				SWIFT_COMPILATION_MODE = wholemodule;
				SWIFT_OPTIMIZATION_LEVEL = "-O";
				VALIDATE_PRODUCT = YES;
			};
			name = Release;
		};
		2298CCBE28438E340089E6AA /* Debug */ = {
			isa = XCBuildConfiguration;
			buildSettings = {
				ASSETCATALOG_COMPILER_APPICON_NAME = AppIcon;
				ASSETCATALOG_COMPILER_GLOBAL_ACCENT_COLOR_NAME = AccentColor;
				CODE_SIGN_STYLE = Automatic;
				CURRENT_PROJECT_VERSION = 1;
				GENERATE_INFOPLIST_FILE = YES;
				INFOPLIST_FILE = OnTheMap/Info.plist;
				INFOPLIST_KEY_UIApplicationSupportsIndirectInputEvents = YES;
				INFOPLIST_KEY_UILaunchStoryboardName = LaunchScreen;
				INFOPLIST_KEY_UIMainStoryboardFile = Main;
				INFOPLIST_KEY_UISupportedInterfaceOrientations_iPad = "UIInterfaceOrientationPortrait UIInterfaceOrientationPortraitUpsideDown UIInterfaceOrientationLandscapeLeft UIInterfaceOrientationLandscapeRight";
				INFOPLIST_KEY_UISupportedInterfaceOrientations_iPhone = "UIInterfaceOrientationPortrait UIInterfaceOrientationLandscapeLeft UIInterfaceOrientationLandscapeRight";
				LD_RUNPATH_SEARCH_PATHS = (
					"$(inherited)",
					"@executable_path/Frameworks",
				);
				MARKETING_VERSION = 1.0;
				PRODUCT_BUNDLE_IDENTIFIER = com.udacity.OnTheMap;
				PRODUCT_NAME = "$(TARGET_NAME)";
				SWIFT_EMIT_LOC_STRINGS = YES;
				SWIFT_VERSION = 5.0;
				TARGETED_DEVICE_FAMILY = "1,2";
			};
			name = Debug;
		};
		2298CCBF28438E340089E6AA /* Release */ = {
			isa = XCBuildConfiguration;
			buildSettings = {
				ASSETCATALOG_COMPILER_APPICON_NAME = AppIcon;
				ASSETCATALOG_COMPILER_GLOBAL_ACCENT_COLOR_NAME = AccentColor;
				CODE_SIGN_STYLE = Automatic;
				CURRENT_PROJECT_VERSION = 1;
				GENERATE_INFOPLIST_FILE = YES;
				INFOPLIST_FILE = OnTheMap/Info.plist;
				INFOPLIST_KEY_UIApplicationSupportsIndirectInputEvents = YES;
				INFOPLIST_KEY_UILaunchStoryboardName = LaunchScreen;
				INFOPLIST_KEY_UIMainStoryboardFile = Main;
				INFOPLIST_KEY_UISupportedInterfaceOrientations_iPad = "UIInterfaceOrientationPortrait UIInterfaceOrientationPortraitUpsideDown UIInterfaceOrientationLandscapeLeft UIInterfaceOrientationLandscapeRight";
				INFOPLIST_KEY_UISupportedInterfaceOrientations_iPhone = "UIInterfaceOrientationPortrait UIInterfaceOrientationLandscapeLeft UIInterfaceOrientationLandscapeRight";
				LD_RUNPATH_SEARCH_PATHS = (
					"$(inherited)",
					"@executable_path/Frameworks",
				);
				MARKETING_VERSION = 1.0;
				PRODUCT_BUNDLE_IDENTIFIER = com.udacity.OnTheMap;
				PRODUCT_NAME = "$(TARGET_NAME)";
				SWIFT_EMIT_LOC_STRINGS = YES;
				SWIFT_VERSION = 5.0;
				TARGETED_DEVICE_FAMILY = "1,2";
			};
			name = Release;
		};
/* End XCBuildConfiguration section */

/* Begin XCConfigurationList section */
		2298CCA428438E300089E6AA /* Build configuration list for PBXProject "OnTheMap" */ = {
			isa = XCConfigurationList;
			buildConfigurations = (
				2298CCBB28438E340089E6AA /* Debug */,
				2298CCBC28438E340089E6AA /* Release */,
			);
			defaultConfigurationIsVisible = 0;
			defaultConfigurationName = Release;
		};
		2298CCBD28438E340089E6AA /* Build configuration list for PBXNativeTarget "OnTheMap" */ = {
			isa = XCConfigurationList;
			buildConfigurations = (
				2298CCBE28438E340089E6AA /* Debug */,
				2298CCBF28438E340089E6AA /* Release */,
			);
			defaultConfigurationIsVisible = 0;
			defaultConfigurationName = Release;
		};
/* End XCConfigurationList section */
	};
	rootObject = 2298CCA128438E300089E6AA /* Project object */;
}
